// !$*UTF8*$!
{
	archiveVersion = 1;
	classes = {
	};
	objectVersion = 46;
	objects = {

/* Begin PBXBuildFile section */
		80B204B91C741A410044F68B /* AppDelegate.swift in Sources */ = {isa = PBXBuildFile; fileRef = 80B204B81C741A410044F68B /* AppDelegate.swift */; };
		80B204BB1C741A410044F68B /* ViewController.swift in Sources */ = {isa = PBXBuildFile; fileRef = 80B204BA1C741A410044F68B /* ViewController.swift */; };
		80B204BE1C741A410044F68B /* Main.storyboard in Resources */ = {isa = PBXBuildFile; fileRef = 80B204BC1C741A410044F68B /* Main.storyboard */; };
		80B204C01C741A410044F68B /* Assets.xcassets in Resources */ = {isa = PBXBuildFile; fileRef = 80B204BF1C741A410044F68B /* Assets.xcassets */; };
		80B204C31C741A410044F68B /* LaunchScreen.storyboard in Resources */ = {isa = PBXBuildFile; fileRef = 80B204C11C741A410044F68B /* LaunchScreen.storyboard */; };
		80B204CE1C741A410044F68B /* CameraAppRevisionTests.swift in Sources */ = {isa = PBXBuildFile; fileRef = 80B204CD1C741A410044F68B /* CameraAppRevisionTests.swift */; };
		80B204D91C741A410044F68B /* CameraAppRevisionUITests.swift in Sources */ = {isa = PBXBuildFile; fileRef = 80B204D81C741A410044F68B /* CameraAppRevisionUITests.swift */; };
/* End PBXBuildFile section */

/* Begin PBXContainerItemProxy section */
		80B204CA1C741A410044F68B /* PBXContainerItemProxy */ = {
			isa = PBXContainerItemProxy;
			containerPortal = 80B204AD1C741A410044F68B /* Project object */;
			proxyType = 1;
			remoteGlobalIDString = 80B204B41C741A410044F68B;
			remoteInfo = CameraAppRevision;
		};
		80B204D51C741A410044F68B /* PBXContainerItemProxy */ = {
			isa = PBXContainerItemProxy;
			containerPortal = 80B204AD1C741A410044F68B /* Project object */;
			proxyType = 1;
			remoteGlobalIDString = 80B204B41C741A410044F68B;
			remoteInfo = CameraAppRevision;
		};
/* End PBXContainerItemProxy section */

/* Begin PBXFileReference section */
		80B204B51C741A410044F68B /* CameraAppRevision.app */ = {isa = PBXFileReference; explicitFileType = wrapper.application; includeInIndex = 0; path = CameraAppRevision.app; sourceTree = BUILT_PRODUCTS_DIR; };
		80B204B81C741A410044F68B /* AppDelegate.swift */ = {isa = PBXFileReference; lastKnownFileType = sourcecode.swift; path = AppDelegate.swift; sourceTree = "<group>"; };
		80B204BA1C741A410044F68B /* ViewController.swift */ = {isa = PBXFileReference; lastKnownFileType = sourcecode.swift; path = ViewController.swift; sourceTree = "<group>"; };
		80B204BD1C741A410044F68B /* Base */ = {isa = PBXFileReference; lastKnownFileType = file.storyboard; name = Base; path = Base.lproj/Main.storyboard; sourceTree = "<group>"; };
		80B204BF1C741A410044F68B /* Assets.xcassets */ = {isa = PBXFileReference; lastKnownFileType = folder.assetcatalog; path = Assets.xcassets; sourceTree = "<group>"; };
		80B204C21C741A410044F68B /* Base */ = {isa = PBXFileReference; lastKnownFileType = file.storyboard; name = Base; path = Base.lproj/LaunchScreen.storyboard; sourceTree = "<group>"; };
		80B204C41C741A410044F68B /* Info.plist */ = {isa = PBXFileReference; lastKnownFileType = text.plist.xml; path = Info.plist; sourceTree = "<group>"; };
		80B204C91C741A410044F68B /* CameraAppRevisionTests.xctest */ = {isa = PBXFileReference; explicitFileType = wrapper.cfbundle; includeInIndex = 0; path = CameraAppRevisionTests.xctest; sourceTree = BUILT_PRODUCTS_DIR; };
		80B204CD1C741A410044F68B /* CameraAppRevisionTests.swift */ = {isa = PBXFileReference; lastKnownFileType = sourcecode.swift; path = CameraAppRevisionTests.swift; sourceTree = "<group>"; };
		80B204CF1C741A410044F68B /* Info.plist */ = {isa = PBXFileReference; lastKnownFileType = text.plist.xml; path = Info.plist; sourceTree = "<group>"; };
		80B204D41C741A410044F68B /* CameraAppRevisionUITests.xctest */ = {isa = PBXFileReference; explicitFileType = wrapper.cfbundle; includeInIndex = 0; path = CameraAppRevisionUITests.xctest; sourceTree = BUILT_PRODUCTS_DIR; };
		80B204D81C741A410044F68B /* CameraAppRevisionUITests.swift */ = {isa = PBXFileReference; lastKnownFileType = sourcecode.swift; path = CameraAppRevisionUITests.swift; sourceTree = "<group>"; };
		80B204DA1C741A410044F68B /* Info.plist */ = {isa = PBXFileReference; lastKnownFileType = text.plist.xml; path = Info.plist; sourceTree = "<group>"; };
/* End PBXFileReference section */

/* Begin PBXFrameworksBuildPhase section */
		80B204B21C741A410044F68B /* Frameworks */ = {
			isa = PBXFrameworksBuildPhase;
			buildActionMask = 2147483647;
			files = (
			);
			runOnlyForDeploymentPostprocessing = 0;
		};
		80B204C61C741A410044F68B /* Frameworks */ = {
			isa = PBXFrameworksBuildPhase;
			buildActionMask = 2147483647;
			files = (
			);
			runOnlyForDeploymentPostprocessing = 0;
		};
		80B204D11C741A410044F68B /* Frameworks */ = {
			isa = PBXFrameworksBuildPhase;
			buildActionMask = 2147483647;
			files = (
			);
			runOnlyForDeploymentPostprocessing = 0;
		};
/* End PBXFrameworksBuildPhase section */

/* Begin PBXGroup section */
		80B204AC1C741A410044F68B = {
			isa = PBXGroup;
			children = (
				80B204B71C741A410044F68B /* CameraAppRevision */,
				80B204CC1C741A410044F68B /* CameraAppRevisionTests */,
				80B204D71C741A410044F68B /* CameraAppRevisionUITests */,
				80B204B61C741A410044F68B /* Products */,
			);
			sourceTree = "<group>";
		};
		80B204B61C741A410044F68B /* Products */ = {
			isa = PBXGroup;
			children = (
				80B204B51C741A410044F68B /* CameraAppRevision.app */,
				80B204C91C741A410044F68B /* CameraAppRevisionTests.xctest */,
				80B204D41C741A410044F68B /* CameraAppRevisionUITests.xctest */,
			);
			name = Products;
			sourceTree = "<group>";
		};
		80B204B71C741A410044F68B /* CameraAppRevision */ = {
			isa = PBXGroup;
			children = (
				80B204B81C741A410044F68B /* AppDelegate.swift */,
				80B204BA1C741A410044F68B /* ViewController.swift */,
				80B204BC1C741A410044F68B /* Main.storyboard */,
				80B204BF1C741A410044F68B /* Assets.xcassets */,
				80B204C11C741A410044F68B /* LaunchScreen.storyboard */,
				80B204C41C741A410044F68B /* Info.plist */,
			);
			path = CameraAppRevision;
			sourceTree = "<group>";
		};
		80B204CC1C741A410044F68B /* CameraAppRevisionTests */ = {
			isa = PBXGroup;
			children = (
				80B204CD1C741A410044F68B /* CameraAppRevisionTests.swift */,
				80B204CF1C741A410044F68B /* Info.plist */,
			);
			path = CameraAppRevisionTests;
			sourceTree = "<group>";
		};
		80B204D71C741A410044F68B /* CameraAppRevisionUITests */ = {
			isa = PBXGroup;
			children = (
				80B204D81C741A410044F68B /* CameraAppRevisionUITests.swift */,
				80B204DA1C741A410044F68B /* Info.plist */,
			);
			path = CameraAppRevisionUITests;
			sourceTree = "<group>";
		};
/* End PBXGroup section */

/* Begin PBXNativeTarget section */
		80B204B41C741A410044F68B /* CameraAppRevision */ = {
			isa = PBXNativeTarget;
			buildConfigurationList = 80B204DD1C741A410044F68B /* Build configuration list for PBXNativeTarget "CameraAppRevision" */;
			buildPhases = (
				80B204B11C741A410044F68B /* Sources */,
				80B204B21C741A410044F68B /* Frameworks */,
				80B204B31C741A410044F68B /* Resources */,
			);
			buildRules = (
			);
			dependencies = (
			);
			name = CameraAppRevision;
			productName = CameraAppRevision;
			productReference = 80B204B51C741A410044F68B /* CameraAppRevision.app */;
			productType = "com.apple.product-type.application";
		};
		80B204C81C741A410044F68B /* CameraAppRevisionTests */ = {
			isa = PBXNativeTarget;
			buildConfigurationList = 80B204E01C741A410044F68B /* Build configuration list for PBXNativeTarget "CameraAppRevisionTests" */;
			buildPhases = (
				80B204C51C741A410044F68B /* Sources */,
				80B204C61C741A410044F68B /* Frameworks */,
				80B204C71C741A410044F68B /* Resources */,
			);
			buildRules = (
			);
			dependencies = (
				80B204CB1C741A410044F68B /* PBXTargetDependency */,
			);
			name = CameraAppRevisionTests;
			productName = CameraAppRevisionTests;
			productReference = 80B204C91C741A410044F68B /* CameraAppRevisionTests.xctest */;
			productType = "com.apple.product-type.bundle.unit-test";
		};
		80B204D31C741A410044F68B /* CameraAppRevisionUITests */ = {
			isa = PBXNativeTarget;
			buildConfigurationList = 80B204E31C741A410044F68B /* Build configuration list for PBXNativeTarget "CameraAppRevisionUITests" */;
			buildPhases = (
				80B204D01C741A410044F68B /* Sources */,
				80B204D11C741A410044F68B /* Frameworks */,
				80B204D21C741A410044F68B /* Resources */,
			);
			buildRules = (
			);
			dependencies = (
				80B204D61C741A410044F68B /* PBXTargetDependency */,
			);
			name = CameraAppRevisionUITests;
			productName = CameraAppRevisionUITests;
			productReference = 80B204D41C741A410044F68B /* CameraAppRevisionUITests.xctest */;
			productType = "com.apple.product-type.bundle.ui-testing";
		};
/* End PBXNativeTarget section */

/* Begin PBXProject section */
		80B204AD1C741A410044F68B /* Project object */ = {
			isa = PBXProject;
			attributes = {
				LastSwiftUpdateCheck = 0720;
				LastUpgradeCheck = 0720;
				ORGANIZATIONNAME = "Nicholas Jurden";
				TargetAttributes = {
					80B204B41C741A410044F68B = {
						CreatedOnToolsVersion = 7.2;
					};
					80B204C81C741A410044F68B = {
						CreatedOnToolsVersion = 7.2;
						TestTargetID = 80B204B41C741A410044F68B;
					};
					80B204D31C741A410044F68B = {
						CreatedOnToolsVersion = 7.2;
						TestTargetID = 80B204B41C741A410044F68B;
					};
				};
			};
			buildConfigurationList = 80B204B01C741A410044F68B /* Build configuration list for PBXProject "CameraAppRevision" */;
			compatibilityVersion = "Xcode 3.2";
			developmentRegion = English;
			hasScannedForEncodings = 0;
			knownRegions = (
				en,
				Base,
			);
			mainGroup = 80B204AC1C741A410044F68B;
			productRefGroup = 80B204B61C741A410044F68B /* Products */;
			projectDirPath = "";
			projectRoot = "";
			targets = (
				80B204B41C741A410044F68B /* CameraAppRevision */,
				80B204C81C741A410044F68B /* CameraAppRevisionTests */,
				80B204D31C741A410044F68B /* CameraAppRevisionUITests */,
			);
		};
/* End PBXProject section */

/* Begin PBXResourcesBuildPhase section */
		80B204B31C741A410044F68B /* Resources */ = {
			isa = PBXResourcesBuildPhase;
			buildActionMask = 2147483647;
			files = (
				80B204C31C741A410044F68B /* LaunchScreen.storyboard in Resources */,
				80B204C01C741A410044F68B /* Assets.xcassets in Resources */,
				80B204BE1C741A410044F68B /* Main.storyboard in Resources */,
			);
			runOnlyForDeploymentPostprocessing = 0;
		};
		80B204C71C741A410044F68B /* Resources */ = {
			isa = PBXResourcesBuildPhase;
			buildActionMask = 2147483647;
			files = (
			);
			runOnlyForDeploymentPostprocessing = 0;
		};
		80B204D21C741A410044F68B /* Resources */ = {
			isa = PBXResourcesBuildPhase;
			buildActionMask = 2147483647;
			files = (
			);
			runOnlyForDeploymentPostprocessing = 0;
		};
/* End PBXResourcesBuildPhase section */

/* Begin PBXSourcesBuildPhase section */
		80B204B11C741A410044F68B /* Sources */ = {
			isa = PBXSourcesBuildPhase;
			buildActionMask = 2147483647;
			files = (
				80B204BB1C741A410044F68B /* ViewController.swift in Sources */,
				80B204B91C741A410044F68B /* AppDelegate.swift in Sources */,
			);
			runOnlyForDeploymentPostprocessing = 0;
		};
		80B204C51C741A410044F68B /* Sources */ = {
			isa = PBXSourcesBuildPhase;
			buildActionMask = 2147483647;
			files = (
				80B204CE1C741A410044F68B /* CameraAppRevisionTests.swift in Sources */,
			);
			runOnlyForDeploymentPostprocessing = 0;
		};
		80B204D01C741A410044F68B /* Sources */ = {
			isa = PBXSourcesBuildPhase;
			buildActionMask = 2147483647;
			files = (
				80B204D91C741A410044F68B /* CameraAppRevisionUITests.swift in Sources */,
			);
			runOnlyForDeploymentPostprocessing = 0;
		};
/* End PBXSourcesBuildPhase section */

/* Begin PBXTargetDependency section */
		80B204CB1C741A410044F68B /* PBXTargetDependency */ = {
			isa = PBXTargetDependency;
			target = 80B204B41C741A410044F68B /* CameraAppRevision */;
			targetProxy = 80B204CA1C741A410044F68B /* PBXContainerItemProxy */;
		};
		80B204D61C741A410044F68B /* PBXTargetDependency */ = {
			isa = PBXTargetDependency;
			target = 80B204B41C741A410044F68B /* CameraAppRevision */;
			targetProxy = 80B204D51C741A410044F68B /* PBXContainerItemProxy */;
		};
/* End PBXTargetDependency section */

/* Begin PBXVariantGroup section */
		80B204BC1C741A410044F68B /* Main.storyboard */ = {
			isa = PBXVariantGroup;
			children = (
				80B204BD1C741A410044F68B /* Base */,
			);
			name = Main.storyboard;
			sourceTree = "<group>";
		};
		80B204C11C741A410044F68B /* LaunchScreen.storyboard */ = {
			isa = PBXVariantGroup;
			children = (
				80B204C21C741A410044F68B /* Base */,
			);
			name = LaunchScreen.storyboard;
			sourceTree = "<group>";
		};
/* End PBXVariantGroup section */

/* Begin XCBuildConfiguration section */
		80B204DB1C741A410044F68B /* Debug */ = {
			isa = XCBuildConfiguration;
			buildSettings = {
				ALWAYS_SEARCH_USER_PATHS = NO;
				CLANG_CXX_LANGUAGE_STANDARD = "gnu++0x";
				CLANG_CXX_LIBRARY = "libc++";
				CLANG_ENABLE_MODULES = YES;
				CLANG_ENABLE_OBJC_ARC = YES;
				CLANG_WARN_BOOL_CONVERSION = YES;
				CLANG_WARN_CONSTANT_CONVERSION = YES;
				CLANG_WARN_DIRECT_OBJC_ISA_USAGE = YES_ERROR;
				CLANG_WARN_EMPTY_BODY = YES;
				CLANG_WARN_ENUM_CONVERSION = YES;
				CLANG_WARN_INT_CONVERSION = YES;
				CLANG_WARN_OBJC_ROOT_CLASS = YES_ERROR;
				CLANG_WARN_UNREACHABLE_CODE = YES;
				CLANG_WARN__DUPLICATE_METHOD_MATCH = YES;
				"CODE_SIGN_IDENTITY[sdk=iphoneos*]" = "iPhone Developer";
				COPY_PHASE_STRIP = NO;
				DEBUG_INFORMATION_FORMAT = dwarf;
				ENABLE_STRICT_OBJC_MSGSEND = YES;
				ENABLE_TESTABILITY = YES;
				GCC_C_LANGUAGE_STANDARD = gnu99;
				GCC_DYNAMIC_NO_PIC = NO;
				GCC_NO_COMMON_BLOCKS = YES;
				GCC_OPTIMIZATION_LEVEL = 0;
				GCC_PREPROCESSOR_DEFINITIONS = (
					"DEBUG=1",
					"$(inherited)",
				);
				GCC_WARN_64_TO_32_BIT_CONVERSION = YES;
				GCC_WARN_ABOUT_RETURN_TYPE = YES_ERROR;
				GCC_WARN_UNDECLARED_SELECTOR = YES;
				GCC_WARN_UNINITIALIZED_AUTOS = YES_AGGRESSIVE;
				GCC_WARN_UNUSED_FUNCTION = YES;
				GCC_WARN_UNUSED_VARIABLE = YES;
				IPHONEOS_DEPLOYMENT_TARGET = 9.2;
				MTL_ENABLE_DEBUG_INFO = YES;
				ONLY_ACTIVE_ARCH = YES;
				SDKROOT = iphoneos;
				SWIFT_OPTIMIZATION_LEVEL = "-Onone";
				TARGETED_DEVICE_FAMILY = "1,2";
			};
			name = Debug;
		};
		80B204DC1C741A410044F68B /* Release */ = {
			isa = XCBuildConfiguration;
			buildSettings = {
				ALWAYS_SEARCH_USER_PATHS = NO;
				CLANG_CXX_LANGUAGE_STANDARD = "gnu++0x";
				CLANG_CXX_LIBRARY = "libc++";
				CLANG_ENABLE_MODULES = YES;
				CLANG_ENABLE_OBJC_ARC = YES;
				CLANG_WARN_BOOL_CONVERSION = YES;
				CLANG_WARN_CONSTANT_CONVERSION = YES;
				CLANG_WARN_DIRECT_OBJC_ISA_USAGE = YES_ERROR;
				CLANG_WARN_EMPTY_BODY = YES;
				CLANG_WARN_ENUM_CONVERSION = YES;
				CLANG_WARN_INT_CONVERSION = YES;
				CLANG_WARN_OBJC_ROOT_CLASS = YES_ERROR;
				CLANG_WARN_UNREACHABLE_CODE = YES;
				CLANG_WARN__DUPLICATE_METHOD_MATCH = YES;
				"CODE_SIGN_IDENTITY[sdk=iphoneos*]" = "iPhone Developer";
				COPY_PHASE_STRIP = NO;
				DEBUG_INFORMATION_FORMAT = "dwarf-with-dsym";
				ENABLE_NS_ASSERTIONS = NO;
				ENABLE_STRICT_OBJC_MSGSEND = YES;
				GCC_C_LANGUAGE_STANDARD = gnu99;
				GCC_NO_COMMON_BLOCKS = YES;
				GCC_WARN_64_TO_32_BIT_CONVERSION = YES;
				GCC_WARN_ABOUT_RETURN_TYPE = YES_ERROR;
				GCC_WARN_UNDECLARED_SELECTOR = YES;
				GCC_WARN_UNINITIALIZED_AUTOS = YES_AGGRESSIVE;
				GCC_WARN_UNUSED_FUNCTION = YES;
				GCC_WARN_UNUSED_VARIABLE = YES;
				IPHONEOS_DEPLOYMENT_TARGET = 9.2;
				MTL_ENABLE_DEBUG_INFO = NO;
				SDKROOT = iphoneos;
				TARGETED_DEVICE_FAMILY = "1,2";
				VALIDATE_PRODUCT = YES;
			};
			name = Release;
		};
		80B204DE1C741A410044F68B /* Debug */ = {
			isa = XCBuildConfiguration;
			buildSettings = {
				ASSETCATALOG_COMPILER_APPICON_NAME = AppIcon;
				INFOPLIST_FILE = CameraAppRevision/Info.plist;
				LD_RUNPATH_SEARCH_PATHS = "$(inherited) @executable_path/Frameworks";
				PRODUCT_BUNDLE_IDENTIFIER = com.colejurden.CameraApp2.CameraAppRevision;
				PRODUCT_NAME = "$(TARGET_NAME)";
			};
			name = Debug;
		};
		80B204DF1C741A410044F68B /* Release */ = {
			isa = XCBuildConfiguration;
			buildSettings = {
				ASSETCATALOG_COMPILER_APPICON_NAME = AppIcon;
				INFOPLIST_FILE = CameraAppRevision/Info.plist;
				LD_RUNPATH_SEARCH_PATHS = "$(inherited) @executable_path/Frameworks";
				PRODUCT_BUNDLE_IDENTIFIER = com.colejurden.CameraApp2.CameraAppRevision;
				PRODUCT_NAME = "$(TARGET_NAME)";
			};
			name = Release;
		};
		80B204E11C741A410044F68B /* Debug */ = {
			isa = XCBuildConfiguration;
			buildSettings = {
				BUNDLE_LOADER = "$(TEST_HOST)";
				INFOPLIST_FILE = CameraAppRevisionTests/Info.plist;
				LD_RUNPATH_SEARCH_PATHS = "$(inherited) @executable_path/Frameworks @loader_path/Frameworks";
				PRODUCT_BUNDLE_IDENTIFIER = com.colejurden.CameraApp2.CameraAppRevisionTests;
				PRODUCT_NAME = "$(TARGET_NAME)";
				TEST_HOST = "$(BUILT_PRODUCTS_DIR)/CameraAppRevision.app/CameraAppRevision";
			};
			name = Debug;
		};
		80B204E21C741A410044F68B /* Release */ = {
			isa = XCBuildConfiguration;
			buildSettings = {
				BUNDLE_LOADER = "$(TEST_HOST)";
				INFOPLIST_FILE = CameraAppRevisionTests/Info.plist;
				LD_RUNPATH_SEARCH_PATHS = "$(inherited) @executable_path/Frameworks @loader_path/Frameworks";
				PRODUCT_BUNDLE_IDENTIFIER = com.colejurden.CameraApp2.CameraAppRevisionTests;
				PRODUCT_NAME = "$(TARGET_NAME)";
				TEST_HOST = "$(BUILT_PRODUCTS_DIR)/CameraAppRevision.app/CameraAppRevision";
			};
			name = Release;
		};
		80B204E41C741A410044F68B /* Debug */ = {
			isa = XCBuildConfiguration;
			buildSettings = {
				INFOPLIST_FILE = CameraAppRevisionUITests/Info.plist;
				LD_RUNPATH_SEARCH_PATHS = "$(inherited) @executable_path/Frameworks @loader_path/Frameworks";
				PRODUCT_BUNDLE_IDENTIFIER = com.colejurden.CameraApp2.CameraAppRevisionUITests;
				PRODUCT_NAME = "$(TARGET_NAME)";
				TEST_TARGET_NAME = CameraAppRevision;
				USES_XCTRUNNER = YES;
			};
			name = Debug;
		};
		80B204E51C741A410044F68B /* Release */ = {
			isa = XCBuildConfiguration;
			buildSettings = {
				INFOPLIST_FILE = CameraAppRevisionUITests/Info.plist;
				LD_RUNPATH_SEARCH_PATHS = "$(inherited) @executable_path/Frameworks @loader_path/Frameworks";
				PRODUCT_BUNDLE_IDENTIFIER = com.colejurden.CameraApp2.CameraAppRevisionUITests;
				PRODUCT_NAME = "$(TARGET_NAME)";
				TEST_TARGET_NAME = CameraAppRevision;
				USES_XCTRUNNER = YES;
			};
			name = Release;
		};
/* End XCBuildConfiguration section */

/* Begin XCConfigurationList section */
		80B204B01C741A410044F68B /* Build configuration list for PBXProject "CameraAppRevision" */ = {
			isa = XCConfigurationList;
			buildConfigurations = (
				80B204DB1C741A410044F68B /* Debug */,
				80B204DC1C741A410044F68B /* Release */,
			);
			defaultConfigurationIsVisible = 0;
			defaultConfigurationName = Release;
		};
		80B204DD1C741A410044F68B /* Build configuration list for PBXNativeTarget "CameraAppRevision" */ = {
			isa = XCConfigurationList;
			buildConfigurations = (
				80B204DE1C741A410044F68B /* Debug */,
				80B204DF1C741A410044F68B /* Release */,
			);
			defaultConfigurationIsVisible = 0;
		};
		80B204E01C741A410044F68B /* Build configuration list for PBXNativeTarget "CameraAppRevisionTests" */ = {
			isa = XCConfigurationList;
			buildConfigurations = (
				80B204E11C741A410044F68B /* Debug */,
				80B204E21C741A410044F68B /* Release */,
			);
			defaultConfigurationIsVisible = 0;
		};
		80B204E31C741A410044F68B /* Build configuration list for PBXNativeTarget "CameraAppRevisionUITests" */ = {
			isa = XCConfigurationList;
			buildConfigurations = (
				80B204E41C741A410044F68B /* Debug */,
				80B204E51C741A410044F68B /* Release */,
			);
			defaultConfigurationIsVisible = 0;
		};
/* End XCConfigurationList section */
	};
	rootObject = 80B204AD1C741A410044F68B /* Project object */;
}
